
Microsoft Visual Studio Solution File, Format Version 12.00
# Visual Studio Version 17
VisualStudioVersion = 17.4.33213.308
MinimumVisualStudioVersion = 10.0.40219.1
Project("{FAE04EC0-301F-11D3-BF4B-00C04F79EFBC}") = "CupacPoligon", "CupacPoligon.csproj", "{5449B290-7F30-4BB7-8D44-9101A257B05C}"
EndProject
Global
	GlobalSection(SolutionConfigurationPlatforms) = preSolution
		Debug|Any CPU = Debug|Any CPU
		Release|Any CPU = Release|Any CPU
	EndGlobalSection
	GlobalSection(ProjectConfigurationPlatforms) = postSolution
		{5449B290-7F30-4BB7-8D44-9101A257B05C}.Debug|Any CPU.ActiveCfg = Debug|Any CPU
		{5449B290-7F30-4BB7-8D44-9101A257B05C}.Debug|Any CPU.Build.0 = Debug|Any CPU
		{5449B290-7F30-4BB7-8D44-9101A257B05C}.Release|Any CPU.ActiveCfg = Release|Any CPU
		{5449B290-7F30-4BB7-8D44-9101A257B05C}.Release|Any CPU.Build.0 = Release|Any CPU
	EndGlobalSection
	GlobalSection(SolutionProperties) = preSolution
		HideSolutionNode = FALSE
	EndGlobalSection
	GlobalSection(ExtensibilityGlobals) = postSolution
		SolutionGuid = {C65CFE89-F196-4950-A995-D20D80EF2A28}
	EndGlobalSection
EndGlobal
